
Microsoft Visual Studio Solution File, Format Version 12.00
# Visual Studio Version 17
VisualStudioVersion = 17.2.32616.157
MinimumVisualStudioVersion = 10.0.40219.1
Project("{FAE04EC0-301F-11D3-BF4B-00C04F79EFBC}") = "RandomNumbers", "RandomNumbers.csproj", "{EBD25FFB-59BC-483F-AF6C-646FA213B5FC}"
EndProject
Global
	GlobalSection(SolutionConfigurationPlatforms) = preSolution
		Debug|Any CPU = Debug|Any CPU
		Release|Any CPU = Release|Any CPU
	EndGlobalSection
	GlobalSection(ProjectConfigurationPlatforms) = postSolution
		{EBD25FFB-59BC-483F-AF6C-646FA213B5FC}.Debug|Any CPU.ActiveCfg = Debug|Any CPU
		{EBD25FFB-59BC-483F-AF6C-646FA213B5FC}.Debug|Any CPU.Build.0 = Debug|Any CPU
		{EBD25FFB-59BC-483F-AF6C-646FA213B5FC}.Release|Any CPU.ActiveCfg = Release|Any CPU
		{EBD25FFB-59BC-483F-AF6C-646FA213B5FC}.Release|Any CPU.Build.0 = Release|Any CPU
	EndGlobalSection
	GlobalSection(SolutionProperties) = preSolution
		HideSolutionNode = FALSE
	EndGlobalSection
	GlobalSection(ExtensibilityGlobals) = postSolution
		SolutionGuid = {D672D286-9C90-4AD6-9B29-95CE640503D5}
	EndGlobalSection
EndGlobal
